
Microsoft Visual Studio Solution File, Format Version 12.00
# Visual Studio Version 16
VisualStudioVersion = 16.0.32407.337
MinimumVisualStudioVersion = 10.0.40219.1
Project("{FAE04EC0-301F-11D3-BF4B-00C04F79EFBC}") = "C-Sharp Practice 2", "C-Sharp Practice 2\C-Sharp Practice 2.csproj", "{66480F7C-388D-40D7-8E12-67080B3726C9}"
EndProject
Global
	GlobalSection(SolutionConfigurationPlatforms) = preSolution
		Debug|Any CPU = Debug|Any CPU
		Release|Any CPU = Release|Any CPU
	EndGlobalSection
	GlobalSection(ProjectConfigurationPlatforms) = postSolution
		{66480F7C-388D-40D7-8E12-67080B3726C9}.Debug|Any CPU.ActiveCfg = Debug|Any CPU
		{66480F7C-388D-40D7-8E12-67080B3726C9}.Debug|Any CPU.Build.0 = Debug|Any CPU
		{66480F7C-388D-40D7-8E12-67080B3726C9}.Release|Any CPU.ActiveCfg = Release|Any CPU
		{66480F7C-388D-40D7-8E12-67080B3726C9}.Release|Any CPU.Build.0 = Release|Any CPU
	EndGlobalSection
	GlobalSection(SolutionProperties) = preSolution
		HideSolutionNode = FALSE
	EndGlobalSection
	GlobalSection(ExtensibilityGlobals) = postSolution
		SolutionGuid = {E909EDD9-859A-4B17-8494-95EE651B7EB3}
	EndGlobalSection
EndGlobal
