
Microsoft Visual Studio Solution File, Format Version 12.00
# Visual Studio Version 16
VisualStudioVersion = 16.0.32407.337
MinimumVisualStudioVersion = 10.0.40219.1
Project("{FAE04EC0-301F-11D3-BF4B-00C04F79EFBC}") = "HighScore", "HighScore\HighScore.csproj", "{123DF35A-41EA-4584-AE3B-E142D239CA3A}"
EndProject
Global
	GlobalSection(SolutionConfigurationPlatforms) = preSolution
		Debug|Any CPU = Debug|Any CPU
		Release|Any CPU = Release|Any CPU
	EndGlobalSection
	GlobalSection(ProjectConfigurationPlatforms) = postSolution
		{123DF35A-41EA-4584-AE3B-E142D239CA3A}.Debug|Any CPU.ActiveCfg = Debug|Any CPU
		{123DF35A-41EA-4584-AE3B-E142D239CA3A}.Debug|Any CPU.Build.0 = Debug|Any CPU
		{123DF35A-41EA-4584-AE3B-E142D239CA3A}.Release|Any CPU.ActiveCfg = Release|Any CPU
		{123DF35A-41EA-4584-AE3B-E142D239CA3A}.Release|Any CPU.Build.0 = Release|Any CPU
	EndGlobalSection
	GlobalSection(SolutionProperties) = preSolution
		HideSolutionNode = FALSE
	EndGlobalSection
	GlobalSection(ExtensibilityGlobals) = postSolution
		SolutionGuid = {48DD9447-35D3-4B2B-8B07-5B21E41EDCF9}
	EndGlobalSection
EndGlobal
